Microsoft Visual Studio Solution File, Format Version 12.00
# Visual Studio Version 17
Project("{FAE04EC0-301F-11D3-BF4B-00C04F79EFBC}") = "BankWithdrawal.Domain", "src\BankWithdrawal.Domain\BankWithdrawal.Domain.csproj", "{10000000-0000-0000-0000-000000000001}"
EndProject
Project("{FAE04EC0-301F-11D3-BF4B-00C04F79EFBC}") = "BankWithdrawal.Application", "src\BankWithdrawal.Application\BankWithdrawal.Application.csproj", "{10000000-0000-0000-0000-000000000002}"
EndProject
Project("{FAE04EC0-301F-11D3-BF4B-00C04F79EFBC}") = "BankWithdrawal.Infrastructure", "src\BankWithdrawal.Infrastructure\BankWithdrawal.Infrastructure.csproj", "{10000000-0000-0000-0000-000000000003}"
EndProject
Project("{FAE04EC0-301F-11D3-BF4B-00C04F79EFBC}") = "BankWithdrawal.Api", "src\BankWithdrawal.Api\BankWithdrawal.Api.csproj", "{10000000-0000-0000-0000-000000000004}"
EndProject
Global
	GlobalSection(SolutionConfigurationPlatforms) = preSolution
		Debug|Any CPU = Debug|Any CPU
		Release|Any CPU = Release|Any CPU
	EndGlobalSection
EndGlobal
